
Microsoft Visual Studio Solution File, Format Version 12.00
# Visual Studio Version 17
VisualStudioVersion = 17.5.33414.496
MinimumVisualStudioVersion = 10.0.40219.1
Project("{FAE04EC0-301F-11D3-BF4B-00C04F79EFBC}") = "Clases", "Clases\Clases.csproj", "{ABD3511C-C73C-4A21-8662-67B9C09BC551}"
EndProject
Global
	GlobalSection(SolutionConfigurationPlatforms) = preSolution
		Debug|Any CPU = Debug|Any CPU
		Release|Any CPU = Release|Any CPU
	EndGlobalSection
	GlobalSection(ProjectConfigurationPlatforms) = postSolution
		{ABD3511C-C73C-4A21-8662-67B9C09BC551}.Debug|Any CPU.ActiveCfg = Debug|Any CPU
		{ABD3511C-C73C-4A21-8662-67B9C09BC551}.Debug|Any CPU.Build.0 = Debug|Any CPU
		{ABD3511C-C73C-4A21-8662-67B9C09BC551}.Release|Any CPU.ActiveCfg = Release|Any CPU
		{ABD3511C-C73C-4A21-8662-67B9C09BC551}.Release|Any CPU.Build.0 = Release|Any CPU
	EndGlobalSection
	GlobalSection(SolutionProperties) = preSolution
		HideSolutionNode = FALSE
	EndGlobalSection
	GlobalSection(ExtensibilityGlobals) = postSolution
		SolutionGuid = {95BB71C7-926B-44F7-80BA-344F4122F224}
	EndGlobalSection
EndGlobal
